{
  "name": "anonymizer",
  "version": "1.0.0",
  "lockfileVersion": 3,
  "requires": true,
  "packages": {
    "": {
      "name": "anonymizer",
      "version": "1.0.0",
      "license": "ISC",
      "dependencies": {
        "compromise": "^14.9.0",
        "fast-levenshtein": "^3.0.0"
      }
    },
    "node_modules/compromise": {
      "version": "14.9.0",
      "resolved": "https://registry.npmjs.org/compromise/-/compromise-14.9.0.tgz",
      "integrity": "sha512-sQXVgbZkSIB3JWMFH4GUfAiiEWH8LIy7hoT9U+MB5E0EP22ayWuNRDrxyt+kUdzaQU19KOaCkTTRPzHCYeDylQ==",
      "dependencies": {
        "efrt": "2.7.0",
        "grad-school": "0.0.5",
        "suffix-thumb": "5.0.2"
      },
      "engines": {
        "node": ">=12.0.0"
      }
    }
  }
}
